// !$*UTF8*$!
{
	archiveVersion = 1;
	classes = {
	};
	objectVersion = 46;
	objects = {

/* Begin PBXBuildFile section */
		06DFCFC0475ADBCC410238AD /* Pods_VIPExampleTests.framework in Frameworks */ = {isa = PBXBuildFile; fileRef = 89C42362AC60FCDF3DB868A3 /* Pods_VIPExampleTests.framework */; };
		A024A0381EB332410098ECC9 /* FormError.swift in Sources */ = {isa = PBXBuildFile; fileRef = A024A0371EB332410098ECC9 /* FormError.swift */; };
		A024A03A1EB332650098ECC9 /* FormErrorCollection.swift in Sources */ = {isa = PBXBuildFile; fileRef = A024A0391EB332650098ECC9 /* FormErrorCollection.swift */; };
		A024A03D1EB346840098ECC9 /* Router.swift in Sources */ = {isa = PBXBuildFile; fileRef = A024A03C1EB346840098ECC9 /* Router.swift */; };
		A024A03F1EB346AB0098ECC9 /* AnyRouter.swift in Sources */ = {isa = PBXBuildFile; fileRef = A024A03E1EB346AB0098ECC9 /* AnyRouter.swift */; };
		A024A0411EB3495F0098ECC9 /* Route.swift in Sources */ = {isa = PBXBuildFile; fileRef = A024A0401EB3495F0098ECC9 /* Route.swift */; };
		A0E6A3291EB2804B00F3E68D /* EditUserInteractor.swift in Sources */ = {isa = PBXBuildFile; fileRef = A0E6A31C1EB2804B00F3E68D /* EditUserInteractor.swift */; };
		A0E6A32A1EB2804B00F3E68D /* EditUserPresenter.swift in Sources */ = {isa = PBXBuildFile; fileRef = A0E6A31D1EB2804B00F3E68D /* EditUserPresenter.swift */; };
		A0E6A32B1EB2804B00F3E68D /* EditRouter.swift in Sources */ = {isa = PBXBuildFile; fileRef = A0E6A31E1EB2804B00F3E68D /* EditRouter.swift */; };
		A0E6A32C1EB2804B00F3E68D /* EditUserViewController.swift in Sources */ = {isa = PBXBuildFile; fileRef = A0E6A31F1EB2804B00F3E68D /* EditUserViewController.swift */; };
		A0E6A32D1EB2804B00F3E68D /* EditUserView.swift in Sources */ = {isa = PBXBuildFile; fileRef = A0E6A3201EB2804B00F3E68D /* EditUserView.swift */; };
		A0E6A32E1EB2804B00F3E68D /* EditUserViewModel.swift in Sources */ = {isa = PBXBuildFile; fileRef = A0E6A3211EB2804B00F3E68D /* EditUserViewModel.swift */; };
		A0E6A32F1EB2804B00F3E68D /* ShowUserInteractor.swift in Sources */ = {isa = PBXBuildFile; fileRef = A0E6A3231EB2804B00F3E68D /* ShowUserInteractor.swift */; };
		A0E6A3301EB2804B00F3E68D /* ShowUserPresenter.swift in Sources */ = {isa = PBXBuildFile; fileRef = A0E6A3241EB2804B00F3E68D /* ShowUserPresenter.swift */; };
		A0E6A3311EB2804B00F3E68D /* ShowUserRouter.swift in Sources */ = {isa = PBXBuildFile; fileRef = A0E6A3251EB2804B00F3E68D /* ShowUserRouter.swift */; };
		A0E6A3321EB2804B00F3E68D /* ShowUserView.swift in Sources */ = {isa = PBXBuildFile; fileRef = A0E6A3261EB2804B00F3E68D /* ShowUserView.swift */; };
		A0E6A3331EB2804B00F3E68D /* ShowUserViewController.swift in Sources */ = {isa = PBXBuildFile; fileRef = A0E6A3271EB2804B00F3E68D /* ShowUserViewController.swift */; };
		A0E6A3341EB2804B00F3E68D /* ShowUserViewModel.swift in Sources */ = {isa = PBXBuildFile; fileRef = A0E6A3281EB2804B00F3E68D /* ShowUserViewModel.swift */; };
		A0E6A3391EB287BD00F3E68D /* ShowUserCommand.swift in Sources */ = {isa = PBXBuildFile; fileRef = A0E6A3381EB287BD00F3E68D /* ShowUserCommand.swift */; };
		A0E6A33B1EB2950200F3E68D /* EditUserCommand.swift in Sources */ = {isa = PBXBuildFile; fileRef = A0E6A33A1EB2950200F3E68D /* EditUserCommand.swift */; };
		E81E82D71E9F7B27009CDA26 /* DefaultAppError.swift in Sources */ = {isa = PBXBuildFile; fileRef = E81E82D61E9F7B27009CDA26 /* DefaultAppError.swift */; };
		E81E82E21E9FA9B7009CDA26 /* UITextfield+Rx.swift in Sources */ = {isa = PBXBuildFile; fileRef = E81E82E11E9FA9B7009CDA26 /* UITextfield+Rx.swift */; };
		E81E82E41E9FD37D009CDA26 /* InvalidFormAppError.swift in Sources */ = {isa = PBXBuildFile; fileRef = E81E82E31E9FD37D009CDA26 /* InvalidFormAppError.swift */; };
		E81E82E61E9FD905009CDA26 /* EditUserParameter.swift in Sources */ = {isa = PBXBuildFile; fileRef = E81E82E51E9FD905009CDA26 /* EditUserParameter.swift */; };
		E81E82F01E9FEAA4009CDA26 /* EditUserContainer.swift in Sources */ = {isa = PBXBuildFile; fileRef = E81E82EF1E9FEAA4009CDA26 /* EditUserContainer.swift */; };
		E857C7A31E9E868500AB0741 /* NoRequestParameterAppError.swift in Sources */ = {isa = PBXBuildFile; fileRef = E857C7A21E9E868500AB0741 /* NoRequestParameterAppError.swift */; };
		E893C3A01E9AD0A000A7070C /* MainContainer.swift in Sources */ = {isa = PBXBuildFile; fileRef = E893C39F1E9AD0A000A7070C /* MainContainer.swift */; };
		E893EC8A1EA0C61500BDC907 /* Logger.swift in Sources */ = {isa = PBXBuildFile; fileRef = E893EC891EA0C61500BDC907 /* Logger.swift */; };
		E893EC8C1EA0C61F00BDC907 /* LoggerLevel.swift in Sources */ = {isa = PBXBuildFile; fileRef = E893EC8B1EA0C61F00BDC907 /* LoggerLevel.swift */; };
		E893EC8E1EA0C64300BDC907 /* AppLogger.swift in Sources */ = {isa = PBXBuildFile; fileRef = E893EC8D1EA0C64300BDC907 /* AppLogger.swift */; };
		E893EC901EA0C65900BDC907 /* LoggerInterceptor.swift in Sources */ = {isa = PBXBuildFile; fileRef = E893EC8F1EA0C65900BDC907 /* LoggerInterceptor.swift */; };
		E8D54ADE1E9976D500F08AEE /* AppError.swift in Sources */ = {isa = PBXBuildFile; fileRef = E8D54A941E9976D500F08AEE /* AppError.swift */; };
		E8D54ADF1E9976D500F08AEE /* DeserializationAppError.swift in Sources */ = {isa = PBXBuildFile; fileRef = E8D54A961E9976D500F08AEE /* DeserializationAppError.swift */; };
		E8D54AE01E9976D500F08AEE /* ExpectsContentAppError.swift in Sources */ = {isa = PBXBuildFile; fileRef = E8D54A971E9976D500F08AEE /* ExpectsContentAppError.swift */; };
		E8D54AE11E9976D500F08AEE /* MalformedUrlAppError.swift in Sources */ = {isa = PBXBuildFile; fileRef = E8D54A981E9976D500F08AEE /* MalformedUrlAppError.swift */; };
		E8D54AE21E9976D500F08AEE /* NetworkAppError.swift in Sources */ = {isa = PBXBuildFile; fileRef = E8D54A991E9976D500F08AEE /* NetworkAppError.swift */; };
		E8D54AE31E9976D500F08AEE /* ParameterTypeAppError.swift in Sources */ = {isa = PBXBuildFile; fileRef = E8D54A9A1E9976D500F08AEE /* ParameterTypeAppError.swift */; };
		E8D54AE41E9976D500F08AEE /* SerializationAppError.swift in Sources */ = {isa = PBXBuildFile; fileRef = E8D54A9B1E9976D500F08AEE /* SerializationAppError.swift */; };
		E8D54AE51E9976D500F08AEE /* AppHTTPErrorHandler.swift in Sources */ = {isa = PBXBuildFile; fileRef = E8D54A9C1E9976D500F08AEE /* AppHTTPErrorHandler.swift */; };
		E8D54AE61E9976D500F08AEE /* AppContainer.swift in Sources */ = {isa = PBXBuildFile; fileRef = E8D54A9E1E9976D500F08AEE /* AppContainer.swift */; };
		E8D54AE71E9976D500F08AEE /* ShowUserContainer.swift in Sources */ = {isa = PBXBuildFile; fileRef = E8D54A9F1E9976D500F08AEE /* ShowUserContainer.swift */; };
		E8D54AE81E9976D500F08AEE /* Deserializable.swift in Sources */ = {isa = PBXBuildFile; fileRef = E8D54AA01E9976D500F08AEE /* Deserializable.swift */; };
		E8D54AE91E9976D500F08AEE /* HTTPBinEndpoint.swift in Sources */ = {isa = PBXBuildFile; fileRef = E8D54AA21E9976D500F08AEE /* HTTPBinEndpoint.swift */; };
		E8D54AEA1E9976D500F08AEE /* Endpoint.swift in Sources */ = {isa = PBXBuildFile; fileRef = E8D54AA41E9976D500F08AEE /* Endpoint.swift */; };
		E8D54AEB1E9976D500F08AEE /* AppHTTPClientType.swift in Sources */ = {isa = PBXBuildFile; fileRef = E8D54AA61E9976D500F08AEE /* AppHTTPClientType.swift */; };
		E8D54AEC1E9976D500F08AEE /* HTTPClientType.swift in Sources */ = {isa = PBXBuildFile; fileRef = E8D54AA71E9976D500F08AEE /* HTTPClientType.swift */; };
		E8D54AED1E9976D500F08AEE /* HTTPErrorHandler.swift in Sources */ = {isa = PBXBuildFile; fileRef = E8D54AA81E9976D500F08AEE /* HTTPErrorHandler.swift */; };
		E8D54AEE1E9976D500F08AEE /* HTTPMethod.swift in Sources */ = {isa = PBXBuildFile; fileRef = E8D54AA91E9976D500F08AEE /* HTTPMethod.swift */; };
		E8D54AEF1E9976D500F08AEE /* AnyInterceptor.swift in Sources */ = {isa = PBXBuildFile; fileRef = E8D54AAB1E9976D500F08AEE /* AnyInterceptor.swift */; };
		E8D54AF01E9976D500F08AEE /* Interceptor.swift in Sources */ = {isa = PBXBuildFile; fileRef = E8D54AAC1E9976D500F08AEE /* Interceptor.swift */; };
		E8D54AF11E9976D500F08AEE /* InterceptorChain.swift in Sources */ = {isa = PBXBuildFile; fileRef = E8D54AAD1E9976D500F08AEE /* InterceptorChain.swift */; };
		E8D54AF21E9976D500F08AEE /* NetworkActivity.swift in Sources */ = {isa = PBXBuildFile; fileRef = E8D54AAF1E9976D500F08AEE /* NetworkActivity.swift */; };
		E8D54AF31E9976D500F08AEE /* UIApplicationNetworkActivity.swift in Sources */ = {isa = PBXBuildFile; fileRef = E8D54AB01E9976D500F08AEE /* UIApplicationNetworkActivity.swift */; };
		E8D54AF41E9976D500F08AEE /* NetworkAdapter.swift in Sources */ = {isa = PBXBuildFile; fileRef = E8D54AB21E9976D500F08AEE /* NetworkAdapter.swift */; };
		E8D54AF51E9976D500F08AEE /* URLSessionNetworkAdapter.swift in Sources */ = {isa = PBXBuildFile; fileRef = E8D54AB31E9976D500F08AEE /* URLSessionNetworkAdapter.swift */; };
		E8D54AF61E9976D500F08AEE /* AppResponse.swift in Sources */ = {isa = PBXBuildFile; fileRef = E8D54AB51E9976D500F08AEE /* AppResponse.swift */; };
		E8D54AF71E9976D500F08AEE /* HTTPStatusCode.swift in Sources */ = {isa = PBXBuildFile; fileRef = E8D54AB61E9976D500F08AEE /* HTTPStatusCode.swift */; };
		E8D54AF81E9976D500F08AEE /* Response.swift in Sources */ = {isa = PBXBuildFile; fileRef = E8D54AB71E9976D500F08AEE /* Response.swift */; };
		E8D54AF91E9976D500F08AEE /* AnyRepository.swift in Sources */ = {isa = PBXBuildFile; fileRef = E8D54AB91E9976D500F08AEE /* AnyRepository.swift */; };
		E8D54AFA1E9976D500F08AEE /* Repository.swift in Sources */ = {isa = PBXBuildFile; fileRef = E8D54ABA1E9976D500F08AEE /* Repository.swift */; };
		E8D54AFB1E9976D500F08AEE /* RepositoryParameter.swift in Sources */ = {isa = PBXBuildFile; fileRef = E8D54ABB1E9976D500F08AEE /* RepositoryParameter.swift */; };
		E8D54AFC1E9976D500F08AEE /* GetUserParameter.swift in Sources */ = {isa = PBXBuildFile; fileRef = E8D54ABD1E9976D500F08AEE /* GetUserParameter.swift */; };
		E8D54AFD1E9976D500F08AEE /* User.swift in Sources */ = {isa = PBXBuildFile; fileRef = E8D54ABE1E9976D500F08AEE /* User.swift */; };
		E8D54AFE1E9976D500F08AEE /* UserRepository.swift in Sources */ = {isa = PBXBuildFile; fileRef = E8D54ABF1E9976D500F08AEE /* UserRepository.swift */; };
		E8D54AFF1E9976D500F08AEE /* Result.swift in Sources */ = {isa = PBXBuildFile; fileRef = E8D54AC01E9976D500F08AEE /* Result.swift */; };
		E8D54B001E9976D500F08AEE /* AnyTransformer.swift in Sources */ = {isa = PBXBuildFile; fileRef = E8D54AC21E9976D500F08AEE /* AnyTransformer.swift */; };
		E8D54B011E9976D500F08AEE /* EndpointToURLRequestTransformer.swift in Sources */ = {isa = PBXBuildFile; fileRef = E8D54AC41E9976D500F08AEE /* EndpointToURLRequestTransformer.swift */; };
		E8D54B021E9976D500F08AEE /* Transformer+Rx.swift in Sources */ = {isa = PBXBuildFile; fileRef = E8D54AC51E9976D500F08AEE /* Transformer+Rx.swift */; };
		E8D54B031E9976D500F08AEE /* Transformer.swift in Sources */ = {isa = PBXBuildFile; fileRef = E8D54AC61E9976D500F08AEE /* Transformer.swift */; };
		E8D54B041E9976D500F08AEE /* NSLocalizedTranslator.swift in Sources */ = {isa = PBXBuildFile; fileRef = E8D54AC81E9976D500F08AEE /* NSLocalizedTranslator.swift */; };
		E8D54B051E9976D500F08AEE /* Translator.swift in Sources */ = {isa = PBXBuildFile; fileRef = E8D54AC91E9976D500F08AEE /* Translator.swift */; };
		E8D54B061E9976D500F08AEE /* UIViewController+Rx.swift in Sources */ = {isa = PBXBuildFile; fileRef = E8D54ACA1E9976D500F08AEE /* UIViewController+Rx.swift */; };
		E8D54B071E9976D500F08AEE /* ViewState.swift in Sources */ = {isa = PBXBuildFile; fileRef = E8D54ACB1E9976D500F08AEE /* ViewState.swift */; };
		E8EFD1541E968E3A0079C1DB /* AppDelegate.swift in Sources */ = {isa = PBXBuildFile; fileRef = E8EFD1531E968E3A0079C1DB /* AppDelegate.swift */; };
		E8EFD15B1E968E3A0079C1DB /* Assets.xcassets in Resources */ = {isa = PBXBuildFile; fileRef = E8EFD15A1E968E3A0079C1DB /* Assets.xcassets */; };
		E8EFD15E1E968E3A0079C1DB /* LaunchScreen.storyboard in Resources */ = {isa = PBXBuildFile; fileRef = E8EFD15C1E968E3A0079C1DB /* LaunchScreen.storyboard */; };
		E8EFD1691E968E3B0079C1DB /* VIPExampleTests.swift in Sources */ = {isa = PBXBuildFile; fileRef = E8EFD1681E968E3B0079C1DB /* VIPExampleTests.swift */; };
		FF80BFCA0FF84F5EC46904AB /* Pods_VIPExample.framework in Frameworks */ = {isa = PBXBuildFile; fileRef = AE1C856955FF48EB84B1FF1F /* Pods_VIPExample.framework */; };
/* End PBXBuildFile section */

/* Begin PBXContainerItemProxy section */
		E8EFD1651E968E3B0079C1DB /* PBXContainerItemProxy */ = {
			isa = PBXContainerItemProxy;
			containerPortal = E8EFD1481E968E3A0079C1DB /* Project object */;
			proxyType = 1;
			remoteGlobalIDString = E8EFD14F1E968E3A0079C1DB;
			remoteInfo = VIPExample;
		};
/* End PBXContainerItemProxy section */

/* Begin PBXFileReference section */
		20CB1EE3B0D4C10A59CBF23B /* Pods-VIPExample.release.xcconfig */ = {isa = PBXFileReference; includeInIndex = 1; lastKnownFileType = text.xcconfig; name = "Pods-VIPExample.release.xcconfig"; path = "Pods/Target Support Files/Pods-VIPExample/Pods-VIPExample.release.xcconfig"; sourceTree = "<group>"; };
		46BAC43A78580B270ED0F107 /* Pods-VIPExample.debug.xcconfig */ = {isa = PBXFileReference; includeInIndex = 1; lastKnownFileType = text.xcconfig; name = "Pods-VIPExample.debug.xcconfig"; path = "Pods/Target Support Files/Pods-VIPExample/Pods-VIPExample.debug.xcconfig"; sourceTree = "<group>"; };
		87AF8BF04833E6F3C05D50B5 /* Pods-VIPExampleTests.release.xcconfig */ = {isa = PBXFileReference; includeInIndex = 1; lastKnownFileType = text.xcconfig; name = "Pods-VIPExampleTests.release.xcconfig"; path = "Pods/Target Support Files/Pods-VIPExampleTests/Pods-VIPExampleTests.release.xcconfig"; sourceTree = "<group>"; };
		89C42362AC60FCDF3DB868A3 /* Pods_VIPExampleTests.framework */ = {isa = PBXFileReference; explicitFileType = wrapper.framework; includeInIndex = 0; path = Pods_VIPExampleTests.framework; sourceTree = BUILT_PRODUCTS_DIR; };
		8E52CB8189AABA0DB9F7CC8E /* Pods-VIPExampleTests.debug.xcconfig */ = {isa = PBXFileReference; includeInIndex = 1; lastKnownFileType = text.xcconfig; name = "Pods-VIPExampleTests.debug.xcconfig"; path = "Pods/Target Support Files/Pods-VIPExampleTests/Pods-VIPExampleTests.debug.xcconfig"; sourceTree = "<group>"; };
		A024A0371EB332410098ECC9 /* FormError.swift */ = {isa = PBXFileReference; fileEncoding = 4; lastKnownFileType = sourcecode.swift; path = FormError.swift; sourceTree = "<group>"; };
		A024A0391EB332650098ECC9 /* FormErrorCollection.swift */ = {isa = PBXFileReference; fileEncoding = 4; lastKnownFileType = sourcecode.swift; path = FormErrorCollection.swift; sourceTree = "<group>"; };
		A024A03C1EB346840098ECC9 /* Router.swift */ = {isa = PBXFileReference; fileEncoding = 4; lastKnownFileType = sourcecode.swift; path = Router.swift; sourceTree = "<group>"; };
		A024A03E1EB346AB0098ECC9 /* AnyRouter.swift */ = {isa = PBXFileReference; fileEncoding = 4; lastKnownFileType = sourcecode.swift; path = AnyRouter.swift; sourceTree = "<group>"; };
		A024A0401EB3495F0098ECC9 /* Route.swift */ = {isa = PBXFileReference; fileEncoding = 4; lastKnownFileType = sourcecode.swift; path = Route.swift; sourceTree = "<group>"; };
		A0E6A31C1EB2804B00F3E68D /* EditUserInteractor.swift */ = {isa = PBXFileReference; fileEncoding = 4; lastKnownFileType = sourcecode.swift; path = EditUserInteractor.swift; sourceTree = "<group>"; };
		A0E6A31D1EB2804B00F3E68D /* EditUserPresenter.swift */ = {isa = PBXFileReference; fileEncoding = 4; lastKnownFileType = sourcecode.swift; path = EditUserPresenter.swift; sourceTree = "<group>"; };
		A0E6A31E1EB2804B00F3E68D /* EditRouter.swift */ = {isa = PBXFileReference; fileEncoding = 4; lastKnownFileType = sourcecode.swift; path = EditRouter.swift; sourceTree = "<group>"; };
		A0E6A31F1EB2804B00F3E68D /* EditUserViewController.swift */ = {isa = PBXFileReference; fileEncoding = 4; lastKnownFileType = sourcecode.swift; path = EditUserViewController.swift; sourceTree = "<group>"; };
		A0E6A3201EB2804B00F3E68D /* EditUserView.swift */ = {isa = PBXFileReference; fileEncoding = 4; lastKnownFileType = sourcecode.swift; path = EditUserView.swift; sourceTree = "<group>"; };
		A0E6A3211EB2804B00F3E68D /* EditUserViewModel.swift */ = {isa = PBXFileReference; fileEncoding = 4; lastKnownFileType = sourcecode.swift; path = EditUserViewModel.swift; sourceTree = "<group>"; };
		A0E6A3231EB2804B00F3E68D /* ShowUserInteractor.swift */ = {isa = PBXFileReference; fileEncoding = 4; lastKnownFileType = sourcecode.swift; path = ShowUserInteractor.swift; sourceTree = "<group>"; };
		A0E6A3241EB2804B00F3E68D /* ShowUserPresenter.swift */ = {isa = PBXFileReference; fileEncoding = 4; lastKnownFileType = sourcecode.swift; path = ShowUserPresenter.swift; sourceTree = "<group>"; };
		A0E6A3251EB2804B00F3E68D /* ShowUserRouter.swift */ = {isa = PBXFileReference; fileEncoding = 4; lastKnownFileType = sourcecode.swift; path = ShowUserRouter.swift; sourceTree = "<group>"; };
		A0E6A3261EB2804B00F3E68D /* ShowUserView.swift */ = {isa = PBXFileReference; fileEncoding = 4; lastKnownFileType = sourcecode.swift; path = ShowUserView.swift; sourceTree = "<group>"; };
		A0E6A3271EB2804B00F3E68D /* ShowUserViewController.swift */ = {isa = PBXFileReference; fileEncoding = 4; lastKnownFileType = sourcecode.swift; path = ShowUserViewController.swift; sourceTree = "<group>"; };
		A0E6A3281EB2804B00F3E68D /* ShowUserViewModel.swift */ = {isa = PBXFileReference; fileEncoding = 4; lastKnownFileType = sourcecode.swift; path = ShowUserViewModel.swift; sourceTree = "<group>"; };
		A0E6A3381EB287BD00F3E68D /* ShowUserCommand.swift */ = {isa = PBXFileReference; fileEncoding = 4; lastKnownFileType = sourcecode.swift; path = ShowUserCommand.swift; sourceTree = "<group>"; };
		A0E6A33A1EB2950200F3E68D /* EditUserCommand.swift */ = {isa = PBXFileReference; fileEncoding = 4; lastKnownFileType = sourcecode.swift; path = EditUserCommand.swift; sourceTree = "<group>"; };
		AE1C856955FF48EB84B1FF1F /* Pods_VIPExample.framework */ = {isa = PBXFileReference; explicitFileType = wrapper.framework; includeInIndex = 0; path = Pods_VIPExample.framework; sourceTree = BUILT_PRODUCTS_DIR; };
		E81E82D61E9F7B27009CDA26 /* DefaultAppError.swift */ = {isa = PBXFileReference; fileEncoding = 4; lastKnownFileType = sourcecode.swift; path = DefaultAppError.swift; sourceTree = "<group>"; };
		E81E82E11E9FA9B7009CDA26 /* UITextfield+Rx.swift */ = {isa = PBXFileReference; fileEncoding = 4; lastKnownFileType = sourcecode.swift; path = "UITextfield+Rx.swift"; sourceTree = "<group>"; };
		E81E82E31E9FD37D009CDA26 /* InvalidFormAppError.swift */ = {isa = PBXFileReference; fileEncoding = 4; lastKnownFileType = sourcecode.swift; path = InvalidFormAppError.swift; sourceTree = "<group>"; };
		E81E82E51E9FD905009CDA26 /* EditUserParameter.swift */ = {isa = PBXFileReference; fileEncoding = 4; lastKnownFileType = sourcecode.swift; path = EditUserParameter.swift; sourceTree = "<group>"; };
		E81E82EF1E9FEAA4009CDA26 /* EditUserContainer.swift */ = {isa = PBXFileReference; fileEncoding = 4; lastKnownFileType = sourcecode.swift; path = EditUserContainer.swift; sourceTree = "<group>"; };
		E857C7A21E9E868500AB0741 /* NoRequestParameterAppError.swift */ = {isa = PBXFileReference; fileEncoding = 4; lastKnownFileType = sourcecode.swift; path = NoRequestParameterAppError.swift; sourceTree = "<group>"; };
		E893C39F1E9AD0A000A7070C /* MainContainer.swift */ = {isa = PBXFileReference; fileEncoding = 4; lastKnownFileType = sourcecode.swift; path = MainContainer.swift; sourceTree = "<group>"; };
		E893EC891EA0C61500BDC907 /* Logger.swift */ = {isa = PBXFileReference; fileEncoding = 4; lastKnownFileType = sourcecode.swift; path = Logger.swift; sourceTree = "<group>"; };
		E893EC8B1EA0C61F00BDC907 /* LoggerLevel.swift */ = {isa = PBXFileReference; fileEncoding = 4; lastKnownFileType = sourcecode.swift; path = LoggerLevel.swift; sourceTree = "<group>"; };
		E893EC8D1EA0C64300BDC907 /* AppLogger.swift */ = {isa = PBXFileReference; fileEncoding = 4; lastKnownFileType = sourcecode.swift; path = AppLogger.swift; sourceTree = "<group>"; };
		E893EC8F1EA0C65900BDC907 /* LoggerInterceptor.swift */ = {isa = PBXFileReference; fileEncoding = 4; lastKnownFileType = sourcecode.swift; path = LoggerInterceptor.swift; sourceTree = "<group>"; };
		E8D54A941E9976D500F08AEE /* AppError.swift */ = {isa = PBXFileReference; fileEncoding = 4; lastKnownFileType = sourcecode.swift; path = AppError.swift; sourceTree = "<group>"; };
		E8D54A961E9976D500F08AEE /* DeserializationAppError.swift */ = {isa = PBXFileReference; fileEncoding = 4; lastKnownFileType = sourcecode.swift; path = DeserializationAppError.swift; sourceTree = "<group>"; };
		E8D54A971E9976D500F08AEE /* ExpectsContentAppError.swift */ = {isa = PBXFileReference; fileEncoding = 4; lastKnownFileType = sourcecode.swift; path = ExpectsContentAppError.swift; sourceTree = "<group>"; };
		E8D54A981E9976D500F08AEE /* MalformedUrlAppError.swift */ = {isa = PBXFileReference; fileEncoding = 4; lastKnownFileType = sourcecode.swift; path = MalformedUrlAppError.swift; sourceTree = "<group>"; };
		E8D54A991E9976D500F08AEE /* NetworkAppError.swift */ = {isa = PBXFileReference; fileEncoding = 4; lastKnownFileType = sourcecode.swift; path = NetworkAppError.swift; sourceTree = "<group>"; };
		E8D54A9A1E9976D500F08AEE /* ParameterTypeAppError.swift */ = {isa = PBXFileReference; fileEncoding = 4; lastKnownFileType = sourcecode.swift; path = ParameterTypeAppError.swift; sourceTree = "<group>"; };
		E8D54A9B1E9976D500F08AEE /* SerializationAppError.swift */ = {isa = PBXFileReference; fileEncoding = 4; lastKnownFileType = sourcecode.swift; path = SerializationAppError.swift; sourceTree = "<group>"; };
		E8D54A9C1E9976D500F08AEE /* AppHTTPErrorHandler.swift */ = {isa = PBXFileReference; fileEncoding = 4; lastKnownFileType = sourcecode.swift; path = AppHTTPErrorHandler.swift; sourceTree = "<group>"; };
		E8D54A9E1E9976D500F08AEE /* AppContainer.swift */ = {isa = PBXFileReference; fileEncoding = 4; lastKnownFileType = sourcecode.swift; path = AppContainer.swift; sourceTree = "<group>"; };
		E8D54A9F1E9976D500F08AEE /* ShowUserContainer.swift */ = {isa = PBXFileReference; fileEncoding = 4; lastKnownFileType = sourcecode.swift; path = ShowUserContainer.swift; sourceTree = "<group>"; };
		E8D54AA01E9976D500F08AEE /* Deserializable.swift */ = {isa = PBXFileReference; fileEncoding = 4; lastKnownFileType = sourcecode.swift; path = Deserializable.swift; sourceTree = "<group>"; };
		E8D54AA21E9976D500F08AEE /* HTTPBinEndpoint.swift */ = {isa = PBXFileReference; fileEncoding = 4; lastKnownFileType = sourcecode.swift; path = HTTPBinEndpoint.swift; sourceTree = "<group>"; };
		E8D54AA41E9976D500F08AEE /* Endpoint.swift */ = {isa = PBXFileReference; fileEncoding = 4; lastKnownFileType = sourcecode.swift; path = Endpoint.swift; sourceTree = "<group>"; };
		E8D54AA61E9976D500F08AEE /* AppHTTPClientType.swift */ = {isa = PBXFileReference; fileEncoding = 4; lastKnownFileType = sourcecode.swift; path = AppHTTPClientType.swift; sourceTree = "<group>"; };
		E8D54AA71E9976D500F08AEE /* HTTPClientType.swift */ = {isa = PBXFileReference; fileEncoding = 4; lastKnownFileType = sourcecode.swift; path = HTTPClientType.swift; sourceTree = "<group>"; };
		E8D54AA81E9976D500F08AEE /* HTTPErrorHandler.swift */ = {isa = PBXFileReference; fileEncoding = 4; lastKnownFileType = sourcecode.swift; path = HTTPErrorHandler.swift; sourceTree = "<group>"; };
		E8D54AA91E9976D500F08AEE /* HTTPMethod.swift */ = {isa = PBXFileReference; fileEncoding = 4; lastKnownFileType = sourcecode.swift; path = HTTPMethod.swift; sourceTree = "<group>"; };
		E8D54AAB1E9976D500F08AEE /* AnyInterceptor.swift */ = {isa = PBXFileReference; fileEncoding = 4; lastKnownFileType = sourcecode.swift; path = AnyInterceptor.swift; sourceTree = "<group>"; };
		E8D54AAC1E9976D500F08AEE /* Interceptor.swift */ = {isa = PBXFileReference; fileEncoding = 4; lastKnownFileType = sourcecode.swift; path = Interceptor.swift; sourceTree = "<group>"; };
		E8D54AAD1E9976D500F08AEE /* InterceptorChain.swift */ = {isa = PBXFileReference; fileEncoding = 4; lastKnownFileType = sourcecode.swift; path = InterceptorChain.swift; sourceTree = "<group>"; };
		E8D54AAF1E9976D500F08AEE /* NetworkActivity.swift */ = {isa = PBXFileReference; fileEncoding = 4; lastKnownFileType = sourcecode.swift; path = NetworkActivity.swift; sourceTree = "<group>"; };
		E8D54AB01E9976D500F08AEE /* UIApplicationNetworkActivity.swift */ = {isa = PBXFileReference; fileEncoding = 4; lastKnownFileType = sourcecode.swift; path = UIApplicationNetworkActivity.swift; sourceTree = "<group>"; };
		E8D54AB21E9976D500F08AEE /* NetworkAdapter.swift */ = {isa = PBXFileReference; fileEncoding = 4; lastKnownFileType = sourcecode.swift; path = NetworkAdapter.swift; sourceTree = "<group>"; };
		E8D54AB31E9976D500F08AEE /* URLSessionNetworkAdapter.swift */ = {isa = PBXFileReference; fileEncoding = 4; lastKnownFileType = sourcecode.swift; path = URLSessionNetworkAdapter.swift; sourceTree = "<group>"; };
		E8D54AB51E9976D500F08AEE /* AppResponse.swift */ = {isa = PBXFileReference; fileEncoding = 4; lastKnownFileType = sourcecode.swift; path = AppResponse.swift; sourceTree = "<group>"; };
		E8D54AB61E9976D500F08AEE /* HTTPStatusCode.swift */ = {isa = PBXFileReference; fileEncoding = 4; lastKnownFileType = sourcecode.swift; path = HTTPStatusCode.swift; sourceTree = "<group>"; };
		E8D54AB71E9976D500F08AEE /* Response.swift */ = {isa = PBXFileReference; fileEncoding = 4; lastKnownFileType = sourcecode.swift; path = Response.swift; sourceTree = "<group>"; };
		E8D54AB91E9976D500F08AEE /* AnyRepository.swift */ = {isa = PBXFileReference; fileEncoding = 4; lastKnownFileType = sourcecode.swift; path = AnyRepository.swift; sourceTree = "<group>"; };
		E8D54ABA1E9976D500F08AEE /* Repository.swift */ = {isa = PBXFileReference; fileEncoding = 4; lastKnownFileType = sourcecode.swift; path = Repository.swift; sourceTree = "<group>"; };
		E8D54ABB1E9976D500F08AEE /* RepositoryParameter.swift */ = {isa = PBXFileReference; fileEncoding = 4; lastKnownFileType = sourcecode.swift; path = RepositoryParameter.swift; sourceTree = "<group>"; };
		E8D54ABD1E9976D500F08AEE /* GetUserParameter.swift */ = {isa = PBXFileReference; fileEncoding = 4; lastKnownFileType = sourcecode.swift; path = GetUserParameter.swift; sourceTree = "<group>"; };
		E8D54ABE1E9976D500F08AEE /* User.swift */ = {isa = PBXFileReference; fileEncoding = 4; lastKnownFileType = sourcecode.swift; path = User.swift; sourceTree = "<group>"; };
		E8D54ABF1E9976D500F08AEE /* UserRepository.swift */ = {isa = PBXFileReference; fileEncoding = 4; lastKnownFileType = sourcecode.swift; path = UserRepository.swift; sourceTree = "<group>"; };
		E8D54AC01E9976D500F08AEE /* Result.swift */ = {isa = PBXFileReference; fileEncoding = 4; lastKnownFileType = sourcecode.swift; path = Result.swift; sourceTree = "<group>"; };
		E8D54AC21E9976D500F08AEE /* AnyTransformer.swift */ = {isa = PBXFileReference; fileEncoding = 4; lastKnownFileType = sourcecode.swift; path = AnyTransformer.swift; sourceTree = "<group>"; };
		E8D54AC41E9976D500F08AEE /* EndpointToURLRequestTransformer.swift */ = {isa = PBXFileReference; fileEncoding = 4; lastKnownFileType = sourcecode.swift; path = EndpointToURLRequestTransformer.swift; sourceTree = "<group>"; };
		E8D54AC51E9976D500F08AEE /* Transformer+Rx.swift */ = {isa = PBXFileReference; fileEncoding = 4; lastKnownFileType = sourcecode.swift; path = "Transformer+Rx.swift"; sourceTree = "<group>"; };
		E8D54AC61E9976D500F08AEE /* Transformer.swift */ = {isa = PBXFileReference; fileEncoding = 4; lastKnownFileType = sourcecode.swift; path = Transformer.swift; sourceTree = "<group>"; };
		E8D54AC81E9976D500F08AEE /* NSLocalizedTranslator.swift */ = {isa = PBXFileReference; fileEncoding = 4; lastKnownFileType = sourcecode.swift; path = NSLocalizedTranslator.swift; sourceTree = "<group>"; };
		E8D54AC91E9976D500F08AEE /* Translator.swift */ = {isa = PBXFileReference; fileEncoding = 4; lastKnownFileType = sourcecode.swift; path = Translator.swift; sourceTree = "<group>"; };
		E8D54ACA1E9976D500F08AEE /* UIViewController+Rx.swift */ = {isa = PBXFileReference; fileEncoding = 4; lastKnownFileType = sourcecode.swift; path = "UIViewController+Rx.swift"; sourceTree = "<group>"; };
		E8D54ACB1E9976D500F08AEE /* ViewState.swift */ = {isa = PBXFileReference; fileEncoding = 4; lastKnownFileType = sourcecode.swift; path = ViewState.swift; sourceTree = "<group>"; };
		E8EFD1501E968E3A0079C1DB /* VIPExample.app */ = {isa = PBXFileReference; explicitFileType = wrapper.application; includeInIndex = 0; path = VIPExample.app; sourceTree = BUILT_PRODUCTS_DIR; };
		E8EFD1531E968E3A0079C1DB /* AppDelegate.swift */ = {isa = PBXFileReference; lastKnownFileType = sourcecode.swift; path = AppDelegate.swift; sourceTree = "<group>"; };
		E8EFD15A1E968E3A0079C1DB /* Assets.xcassets */ = {isa = PBXFileReference; lastKnownFileType = folder.assetcatalog; path = Assets.xcassets; sourceTree = "<group>"; };
		E8EFD15D1E968E3A0079C1DB /* Base */ = {isa = PBXFileReference; lastKnownFileType = file.storyboard; name = Base; path = Base.lproj/LaunchScreen.storyboard; sourceTree = "<group>"; };
		E8EFD15F1E968E3A0079C1DB /* Info.plist */ = {isa = PBXFileReference; lastKnownFileType = text.plist.xml; path = Info.plist; sourceTree = "<group>"; };
		E8EFD1641E968E3B0079C1DB /* VIPExampleTests.xctest */ = {isa = PBXFileReference; explicitFileType = wrapper.cfbundle; includeInIndex = 0; path = VIPExampleTests.xctest; sourceTree = BUILT_PRODUCTS_DIR; };
		E8EFD1681E968E3B0079C1DB /* VIPExampleTests.swift */ = {isa = PBXFileReference; lastKnownFileType = sourcecode.swift; path = VIPExampleTests.swift; sourceTree = "<group>"; };
		E8EFD16A1E968E3B0079C1DB /* Info.plist */ = {isa = PBXFileReference; lastKnownFileType = text.plist.xml; path = Info.plist; sourceTree = "<group>"; };
/* End PBXFileReference section */

/* Begin PBXFrameworksBuildPhase section */
		E8EFD14D1E968E3A0079C1DB /* Frameworks */ = {
			isa = PBXFrameworksBuildPhase;
			buildActionMask = 2147483647;
			files = (
				FF80BFCA0FF84F5EC46904AB /* Pods_VIPExample.framework in Frameworks */,
			);
			runOnlyForDeploymentPostprocessing = 0;
		};
		E8EFD1611E968E3B0079C1DB /* Frameworks */ = {
			isa = PBXFrameworksBuildPhase;
			buildActionMask = 2147483647;
			files = (
				06DFCFC0475ADBCC410238AD /* Pods_VIPExampleTests.framework in Frameworks */,
			);
			runOnlyForDeploymentPostprocessing = 0;
		};
/* End PBXFrameworksBuildPhase section */

/* Begin PBXGroup section */
		4B52D7FA9C5F5A5C0252CBA9 /* Frameworks */ = {
			isa = PBXGroup;
			children = (
				AE1C856955FF48EB84B1FF1F /* Pods_VIPExample.framework */,
				89C42362AC60FCDF3DB868A3 /* Pods_VIPExampleTests.framework */,
			);
			name = Frameworks;
			sourceTree = "<group>";
		};
		5C72268ECE72A256E58175EE /* Pods */ = {
			isa = PBXGroup;
			children = (
				46BAC43A78580B270ED0F107 /* Pods-VIPExample.debug.xcconfig */,
				20CB1EE3B0D4C10A59CBF23B /* Pods-VIPExample.release.xcconfig */,
				8E52CB8189AABA0DB9F7CC8E /* Pods-VIPExampleTests.debug.xcconfig */,
				87AF8BF04833E6F3C05D50B5 /* Pods-VIPExampleTests.release.xcconfig */,
			);
			name = Pods;
			sourceTree = "<group>";
		};
		A024A0361EB332350098ECC9 /* Form */ = {
			isa = PBXGroup;
			children = (
				A024A0371EB332410098ECC9 /* FormError.swift */,
				A024A0391EB332650098ECC9 /* FormErrorCollection.swift */,
			);
			path = Form;
			sourceTree = "<group>";
		};
		A024A03B1EB3467E0098ECC9 /* Router */ = {
			isa = PBXGroup;
			children = (
				A024A03C1EB346840098ECC9 /* Router.swift */,
				A024A03E1EB346AB0098ECC9 /* AnyRouter.swift */,
				A024A0401EB3495F0098ECC9 /* Route.swift */,
			);
			path = Router;
			sourceTree = "<group>";
		};
		A0E6A31B1EB2804B00F3E68D /* EditUser */ = {
			isa = PBXGroup;
			children = (
				A0E6A31C1EB2804B00F3E68D /* EditUserInteractor.swift */,
				A0E6A31D1EB2804B00F3E68D /* EditUserPresenter.swift */,
				A0E6A31E1EB2804B00F3E68D /* EditRouter.swift */,
				A0E6A31F1EB2804B00F3E68D /* EditUserViewController.swift */,
				A0E6A3201EB2804B00F3E68D /* EditUserView.swift */,
				A0E6A3211EB2804B00F3E68D /* EditUserViewModel.swift */,
				A0E6A33A1EB2950200F3E68D /* EditUserCommand.swift */,
			);
			path = EditUser;
			sourceTree = "<group>";
		};
		A0E6A3221EB2804B00F3E68D /* ShowUser */ = {
			isa = PBXGroup;
			children = (
				A0E6A3231EB2804B00F3E68D /* ShowUserInteractor.swift */,
				A0E6A3241EB2804B00F3E68D /* ShowUserPresenter.swift */,
				A0E6A3251EB2804B00F3E68D /* ShowUserRouter.swift */,
				A0E6A3261EB2804B00F3E68D /* ShowUserView.swift */,
				A0E6A3271EB2804B00F3E68D /* ShowUserViewController.swift */,
				A0E6A3281EB2804B00F3E68D /* ShowUserViewModel.swift */,
				A0E6A3381EB287BD00F3E68D /* ShowUserCommand.swift */,
			);
			path = ShowUser;
			sourceTree = "<group>";
		};
		E893EC881EA0C61500BDC907 /* Logger */ = {
			isa = PBXGroup;
			children = (
				E893EC891EA0C61500BDC907 /* Logger.swift */,
				E893EC8B1EA0C61F00BDC907 /* LoggerLevel.swift */,
				E893EC8D1EA0C64300BDC907 /* AppLogger.swift */,
				E893EC8F1EA0C65900BDC907 /* LoggerInterceptor.swift */,
			);
			path = Logger;
			sourceTree = "<group>";
		};
		E8D54A931E9976D500F08AEE /* AppError */ = {
			isa = PBXGroup;
			children = (
				E8D54A941E9976D500F08AEE /* AppError.swift */,
				E8D54A951E9976D500F08AEE /* Implementation */,
			);
			path = AppError;
			sourceTree = "<group>";
		};
		E8D54A951E9976D500F08AEE /* Implementation */ = {
			isa = PBXGroup;
			children = (
				E8D54A961E9976D500F08AEE /* DeserializationAppError.swift */,
				E8D54A971E9976D500F08AEE /* ExpectsContentAppError.swift */,
				E8D54A981E9976D500F08AEE /* MalformedUrlAppError.swift */,
				E8D54A991E9976D500F08AEE /* NetworkAppError.swift */,
				E8D54A9A1E9976D500F08AEE /* ParameterTypeAppError.swift */,
				E8D54A9B1E9976D500F08AEE /* SerializationAppError.swift */,
				E857C7A21E9E868500AB0741 /* NoRequestParameterAppError.swift */,
				E81E82D61E9F7B27009CDA26 /* DefaultAppError.swift */,
				E81E82E31E9FD37D009CDA26 /* InvalidFormAppError.swift */,
			);
			path = Implementation;
			sourceTree = "<group>";
		};
		E8D54A9D1E9976D500F08AEE /* DependencyInjection */ = {
			isa = PBXGroup;
			children = (
				E8D54A9E1E9976D500F08AEE /* AppContainer.swift */,
				E893C39F1E9AD0A000A7070C /* MainContainer.swift */,
				E8D54A9F1E9976D500F08AEE /* ShowUserContainer.swift */,
				E81E82EF1E9FEAA4009CDA26 /* EditUserContainer.swift */,
			);
			path = DependencyInjection;
			sourceTree = "<group>";
		};
		E8D54AA11E9976D500F08AEE /* Endpoint */ = {
			isa = PBXGroup;
			children = (
				E8D54AA21E9976D500F08AEE /* HTTPBinEndpoint.swift */,
			);
			path = Endpoint;
			sourceTree = "<group>";
		};
		E8D54AA31E9976D500F08AEE /* Network */ = {
			isa = PBXGroup;
			children = (
				E8D54AA41E9976D500F08AEE /* Endpoint.swift */,
				E8D54AA51E9976D500F08AEE /* HTTPClientType */,
				E8D54AA81E9976D500F08AEE /* HTTPErrorHandler.swift */,
				E8D54AA91E9976D500F08AEE /* HTTPMethod.swift */,
				E8D54AAA1E9976D500F08AEE /* Interceptor */,
				E8D54AAE1E9976D500F08AEE /* NetworkActivity */,
				E8D54AB11E9976D500F08AEE /* NetworkAdapter */,
				E8D54AB41E9976D500F08AEE /* Response */,
			);
			path = Network;
			sourceTree = "<group>";
		};
		E8D54AA51E9976D500F08AEE /* HTTPClientType */ = {
			isa = PBXGroup;
			children = (
				E8D54AA61E9976D500F08AEE /* AppHTTPClientType.swift */,
				E8D54AA71E9976D500F08AEE /* HTTPClientType.swift */,
			);
			path = HTTPClientType;
			sourceTree = "<group>";
		};
		E8D54AAA1E9976D500F08AEE /* Interceptor */ = {
			isa = PBXGroup;
			children = (
				E8D54AAB1E9976D500F08AEE /* AnyInterceptor.swift */,
				E8D54AAC1E9976D500F08AEE /* Interceptor.swift */,
				E8D54AAD1E9976D500F08AEE /* InterceptorChain.swift */,
			);
			path = Interceptor;
			sourceTree = "<group>";
		};
		E8D54AAE1E9976D500F08AEE /* NetworkActivity */ = {
			isa = PBXGroup;
			children = (
				E8D54AAF1E9976D500F08AEE /* NetworkActivity.swift */,
				E8D54AB01E9976D500F08AEE /* UIApplicationNetworkActivity.swift */,
			);
			path = NetworkActivity;
			sourceTree = "<group>";
		};
		E8D54AB11E9976D500F08AEE /* NetworkAdapter */ = {
			isa = PBXGroup;
			children = (
				E8D54AB21E9976D500F08AEE /* NetworkAdapter.swift */,
				E8D54AB31E9976D500F08AEE /* URLSessionNetworkAdapter.swift */,
			);
			path = NetworkAdapter;
			sourceTree = "<group>";
		};
		E8D54AB41E9976D500F08AEE /* Response */ = {
			isa = PBXGroup;
			children = (
				E8D54AB51E9976D500F08AEE /* AppResponse.swift */,
				E8D54AB61E9976D500F08AEE /* HTTPStatusCode.swift */,
				E8D54AB71E9976D500F08AEE /* Response.swift */,
			);
			path = Response;
			sourceTree = "<group>";
		};
		E8D54AB81E9976D500F08AEE /* Repository */ = {
			isa = PBXGroup;
			children = (
				E8D54AB91E9976D500F08AEE /* AnyRepository.swift */,
				E8D54ABA1E9976D500F08AEE /* Repository.swift */,
				E8D54ABB1E9976D500F08AEE /* RepositoryParameter.swift */,
				E8D54ABC1E9976D500F08AEE /* User */,
			);
			path = Repository;
			sourceTree = "<group>";
		};
		E8D54ABC1E9976D500F08AEE /* User */ = {
			isa = PBXGroup;
			children = (
				E8D54ABD1E9976D500F08AEE /* GetUserParameter.swift */,
				E81E82E51E9FD905009CDA26 /* EditUserParameter.swift */,
				E8D54ABE1E9976D500F08AEE /* User.swift */,
				E8D54ABF1E9976D500F08AEE /* UserRepository.swift */,
			);
			path = User;
			sourceTree = "<group>";
		};
		E8D54AC11E9976D500F08AEE /* Transformer */ = {
			isa = PBXGroup;
			children = (
				E8D54AC21E9976D500F08AEE /* AnyTransformer.swift */,
				E8D54AC51E9976D500F08AEE /* Transformer+Rx.swift */,
				E8D54AC61E9976D500F08AEE /* Transformer.swift */,
				E8D54AC31E9976D500F08AEE /* Implementation */,
			);
			path = Transformer;
			sourceTree = "<group>";
		};
		E8D54AC31E9976D500F08AEE /* Implementation */ = {
			isa = PBXGroup;
			children = (
				E8D54AC41E9976D500F08AEE /* EndpointToURLRequestTransformer.swift */,
			);
			path = Implementation;
			sourceTree = "<group>";
		};
		E8D54AC71E9976D500F08AEE /* Translator */ = {
			isa = PBXGroup;
			children = (
				E8D54AC81E9976D500F08AEE /* NSLocalizedTranslator.swift */,
				E8D54AC91E9976D500F08AEE /* Translator.swift */,
			);
			path = Translator;
			sourceTree = "<group>";
		};
		E8EFD1471E968E3A0079C1DB = {
			isa = PBXGroup;
			children = (
				E8EFD1521E968E3A0079C1DB /* VIPExample */,
				E8EFD1671E968E3B0079C1DB /* VIPExampleTests */,
				E8EFD1511E968E3A0079C1DB /* Products */,
				5C72268ECE72A256E58175EE /* Pods */,
				4B52D7FA9C5F5A5C0252CBA9 /* Frameworks */,
			);
			sourceTree = "<group>";
		};
		E8EFD1511E968E3A0079C1DB /* Products */ = {
			isa = PBXGroup;
			children = (
				E8EFD1501E968E3A0079C1DB /* VIPExample.app */,
				E8EFD1641E968E3B0079C1DB /* VIPExampleTests.xctest */,
			);
			name = Products;
			sourceTree = "<group>";
		};
		E8EFD1521E968E3A0079C1DB /* VIPExample */ = {
			isa = PBXGroup;
			children = (
				E8EFD1531E968E3A0079C1DB /* AppDelegate.swift */,
				E8EFD17B1E9690B80079C1DB /* Foundation */,
				E8EFD1751E96908A0079C1DB /* Scene */,
				E8EFD15A1E968E3A0079C1DB /* Assets.xcassets */,
				E8EFD15C1E968E3A0079C1DB /* LaunchScreen.storyboard */,
				E8EFD15F1E968E3A0079C1DB /* Info.plist */,
			);
			path = VIPExample;
			sourceTree = "<group>";
		};
		E8EFD1671E968E3B0079C1DB /* VIPExampleTests */ = {
			isa = PBXGroup;
			children = (
				E8EFD1681E968E3B0079C1DB /* VIPExampleTests.swift */,
				E8EFD16A1E968E3B0079C1DB /* Info.plist */,
			);
			path = VIPExampleTests;
			sourceTree = "<group>";
		};
		E8EFD1751E96908A0079C1DB /* Scene */ = {
			isa = PBXGroup;
			children = (
				A0E6A31B1EB2804B00F3E68D /* EditUser */,
				A0E6A3221EB2804B00F3E68D /* ShowUser */,
			);
			path = Scene;
			sourceTree = "<group>";
		};
		E8EFD17B1E9690B80079C1DB /* Foundation */ = {
			isa = PBXGroup;
			children = (
				A024A03B1EB3467E0098ECC9 /* Router */,
				A024A0361EB332350098ECC9 /* Form */,
				E893EC881EA0C61500BDC907 /* Logger */,
				E8D54A931E9976D500F08AEE /* AppError */,
				E8D54A9D1E9976D500F08AEE /* DependencyInjection */,
				E8D54AA11E9976D500F08AEE /* Endpoint */,
				E8D54AA31E9976D500F08AEE /* Network */,
				E8D54AB81E9976D500F08AEE /* Repository */,
				E8D54AC11E9976D500F08AEE /* Transformer */,
				E8D54AC71E9976D500F08AEE /* Translator */,
				E8D54ACA1E9976D500F08AEE /* UIViewController+Rx.swift */,
				E8D54A9C1E9976D500F08AEE /* AppHTTPErrorHandler.swift */,
				E8D54AC01E9976D500F08AEE /* Result.swift */,
				E8D54AA01E9976D500F08AEE /* Deserializable.swift */,
				E8D54ACB1E9976D500F08AEE /* ViewState.swift */,
				E81E82E11E9FA9B7009CDA26 /* UITextfield+Rx.swift */,
			);
			path = Foundation;
			sourceTree = "<group>";
		};
/* End PBXGroup section */

/* Begin PBXNativeTarget section */
		E8EFD14F1E968E3A0079C1DB /* VIPExample */ = {
			isa = PBXNativeTarget;
			buildConfigurationList = E8EFD16D1E968E3B0079C1DB /* Build configuration list for PBXNativeTarget "VIPExample" */;
			buildPhases = (
				CF67493604D96F7DF4CF4244 /* [CP] Check Pods Manifest.lock */,
				E8EFD14C1E968E3A0079C1DB /* Sources */,
				E8EFD14D1E968E3A0079C1DB /* Frameworks */,
				E8EFD14E1E968E3A0079C1DB /* Resources */,
				78D3D1DE65D1C4AE947EB998 /* [CP] Embed Pods Frameworks */,
				737D5D90DAAA3674732B8625 /* [CP] Copy Pods Resources */,
				E893EC911EA1068A00BDC907 /* SwiftLint */,
			);
			buildRules = (
			);
			dependencies = (
			);
			name = VIPExample;
			productName = VIPExample;
			productReference = E8EFD1501E968E3A0079C1DB /* VIPExample.app */;
			productType = "com.apple.product-type.application";
		};
		E8EFD1631E968E3B0079C1DB /* VIPExampleTests */ = {
			isa = PBXNativeTarget;
			buildConfigurationList = E8EFD1701E968E3B0079C1DB /* Build configuration list for PBXNativeTarget "VIPExampleTests" */;
			buildPhases = (
				2077FFA0C8DD3A4ABB0E1701 /* [CP] Check Pods Manifest.lock */,
				E8EFD1601E968E3B0079C1DB /* Sources */,
				E8EFD1611E968E3B0079C1DB /* Frameworks */,
				E8EFD1621E968E3B0079C1DB /* Resources */,
				65B1A431308A49459C0D27C5 /* [CP] Embed Pods Frameworks */,
				C31BD38C14E09873386A3D84 /* [CP] Copy Pods Resources */,
			);
			buildRules = (
			);
			dependencies = (
				E8EFD1661E968E3B0079C1DB /* PBXTargetDependency */,
			);
			name = VIPExampleTests;
			productName = VIPExampleTests;
			productReference = E8EFD1641E968E3B0079C1DB /* VIPExampleTests.xctest */;
			productType = "com.apple.product-type.bundle.unit-test";
		};
/* End PBXNativeTarget section */

/* Begin PBXProject section */
		E8EFD1481E968E3A0079C1DB /* Project object */ = {
			isa = PBXProject;
			attributes = {
				LastSwiftUpdateCheck = 0830;
				LastUpgradeCheck = 0830;
				ORGANIZATIONNAME = Jp;
				TargetAttributes = {
					E8EFD14F1E968E3A0079C1DB = {
						CreatedOnToolsVersion = 8.3;
						ProvisioningStyle = Automatic;
					};
					E8EFD1631E968E3B0079C1DB = {
						CreatedOnToolsVersion = 8.3;
						ProvisioningStyle = Automatic;
						TestTargetID = E8EFD14F1E968E3A0079C1DB;
					};
				};
			};
			buildConfigurationList = E8EFD14B1E968E3A0079C1DB /* Build configuration list for PBXProject "VIPExample" */;
			compatibilityVersion = "Xcode 3.2";
			developmentRegion = English;
			hasScannedForEncodings = 0;
			knownRegions = (
				en,
				Base,
			);
			mainGroup = E8EFD1471E968E3A0079C1DB;
			productRefGroup = E8EFD1511E968E3A0079C1DB /* Products */;
			projectDirPath = "";
			projectRoot = "";
			targets = (
				E8EFD14F1E968E3A0079C1DB /* VIPExample */,
				E8EFD1631E968E3B0079C1DB /* VIPExampleTests */,
			);
		};
/* End PBXProject section */

/* Begin PBXResourcesBuildPhase section */
		E8EFD14E1E968E3A0079C1DB /* Resources */ = {
			isa = PBXResourcesBuildPhase;
			buildActionMask = 2147483647;
			files = (
				E8EFD15E1E968E3A0079C1DB /* LaunchScreen.storyboard in Resources */,
				E8EFD15B1E968E3A0079C1DB /* Assets.xcassets in Resources */,
			);
			runOnlyForDeploymentPostprocessing = 0;
		};
		E8EFD1621E968E3B0079C1DB /* Resources */ = {
			isa = PBXResourcesBuildPhase;
			buildActionMask = 2147483647;
			files = (
			);
			runOnlyForDeploymentPostprocessing = 0;
		};
/* End PBXResourcesBuildPhase section */

/* Begin PBXShellScriptBuildPhase section */
		2077FFA0C8DD3A4ABB0E1701 /* [CP] Check Pods Manifest.lock */ = {
			isa = PBXShellScriptBuildPhase;
			buildActionMask = 2147483647;
			files = (
			);
			inputPaths = (
			);
			name = "[CP] Check Pods Manifest.lock";
			outputPaths = (
			);
			runOnlyForDeploymentPostprocessing = 0;
			shellPath = /bin/sh;
			shellScript = "diff \"${PODS_PODFILE_DIR_PATH}/Podfile.lock\" \"${PODS_ROOT}/Manifest.lock\" > /dev/null\nif [ $? != 0 ] ; then\n    # print error to STDERR\n    echo \"error: The sandbox is not in sync with the Podfile.lock. Run 'pod install' or update your CocoaPods installation.\" >&2\n    exit 1\nfi\n";
			showEnvVarsInLog = 0;
		};
		65B1A431308A49459C0D27C5 /* [CP] Embed Pods Frameworks */ = {
			isa = PBXShellScriptBuildPhase;
			buildActionMask = 2147483647;
			files = (
			);
			inputPaths = (
			);
			name = "[CP] Embed Pods Frameworks";
			outputPaths = (
			);
			runOnlyForDeploymentPostprocessing = 0;
			shellPath = /bin/sh;
			shellScript = "\"${SRCROOT}/Pods/Target Support Files/Pods-VIPExampleTests/Pods-VIPExampleTests-frameworks.sh\"\n";
			showEnvVarsInLog = 0;
		};
		737D5D90DAAA3674732B8625 /* [CP] Copy Pods Resources */ = {
			isa = PBXShellScriptBuildPhase;
			buildActionMask = 2147483647;
			files = (
			);
			inputPaths = (
			);
			name = "[CP] Copy Pods Resources";
			outputPaths = (
			);
			runOnlyForDeploymentPostprocessing = 0;
			shellPath = /bin/sh;
			shellScript = "\"${SRCROOT}/Pods/Target Support Files/Pods-VIPExample/Pods-VIPExample-resources.sh\"\n";
			showEnvVarsInLog = 0;
		};
		78D3D1DE65D1C4AE947EB998 /* [CP] Embed Pods Frameworks */ = {
			isa = PBXShellScriptBuildPhase;
			buildActionMask = 2147483647;
			files = (
			);
			inputPaths = (
			);
			name = "[CP] Embed Pods Frameworks";
			outputPaths = (
			);
			runOnlyForDeploymentPostprocessing = 0;
			shellPath = /bin/sh;
			shellScript = "\"${SRCROOT}/Pods/Target Support Files/Pods-VIPExample/Pods-VIPExample-frameworks.sh\"\n";
			showEnvVarsInLog = 0;
		};
		C31BD38C14E09873386A3D84 /* [CP] Copy Pods Resources */ = {
			isa = PBXShellScriptBuildPhase;
			buildActionMask = 2147483647;
			files = (
			);
			inputPaths = (
			);
			name = "[CP] Copy Pods Resources";
			outputPaths = (
			);
			runOnlyForDeploymentPostprocessing = 0;
			shellPath = /bin/sh;
			shellScript = "\"${SRCROOT}/Pods/Target Support Files/Pods-VIPExampleTests/Pods-VIPExampleTests-resources.sh\"\n";
			showEnvVarsInLog = 0;
		};
		CF67493604D96F7DF4CF4244 /* [CP] Check Pods Manifest.lock */ = {
			isa = PBXShellScriptBuildPhase;
			buildActionMask = 2147483647;
			files = (
			);
			inputPaths = (
			);
			name = "[CP] Check Pods Manifest.lock";
			outputPaths = (
			);
			runOnlyForDeploymentPostprocessing = 0;
			shellPath = /bin/sh;
			shellScript = "diff \"${PODS_PODFILE_DIR_PATH}/Podfile.lock\" \"${PODS_ROOT}/Manifest.lock\" > /dev/null\nif [ $? != 0 ] ; then\n    # print error to STDERR\n    echo \"error: The sandbox is not in sync with the Podfile.lock. Run 'pod install' or update your CocoaPods installation.\" >&2\n    exit 1\nfi\n";
			showEnvVarsInLog = 0;
		};
		E893EC911EA1068A00BDC907 /* SwiftLint */ = {
			isa = PBXShellScriptBuildPhase;
			buildActionMask = 2147483647;
			files = (
			);
			inputPaths = (
			);
			name = SwiftLint;
			outputPaths = (
			);
			runOnlyForDeploymentPostprocessing = 0;
			shellPath = /bin/sh;
			shellScript = "\"${PODS_ROOT}/SwiftLint/swiftlint\"";
		};
/* End PBXShellScriptBuildPhase section */

/* Begin PBXSourcesBuildPhase section */
		E8EFD14C1E968E3A0079C1DB /* Sources */ = {
			isa = PBXSourcesBuildPhase;
			buildActionMask = 2147483647;
			files = (
				E81E82F01E9FEAA4009CDA26 /* EditUserContainer.swift in Sources */,
				E8D54AF21E9976D500F08AEE /* NetworkActivity.swift in Sources */,
				E8D54AE81E9976D500F08AEE /* Deserializable.swift in Sources */,
				A0E6A32E1EB2804B00F3E68D /* EditUserViewModel.swift in Sources */,
				E893C3A01E9AD0A000A7070C /* MainContainer.swift in Sources */,
				E8EFD1541E968E3A0079C1DB /* AppDelegate.swift in Sources */,
				A0E6A3391EB287BD00F3E68D /* ShowUserCommand.swift in Sources */,
				E8D54AE61E9976D500F08AEE /* AppContainer.swift in Sources */,
				E8D54AE11E9976D500F08AEE /* MalformedUrlAppError.swift in Sources */,
				E8D54AFF1E9976D500F08AEE /* Result.swift in Sources */,
				A0E6A3321EB2804B00F3E68D /* ShowUserView.swift in Sources */,
				A024A0411EB3495F0098ECC9 /* Route.swift in Sources */,
				E8D54ADF1E9976D500F08AEE /* DeserializationAppError.swift in Sources */,
				E8D54AFA1E9976D500F08AEE /* Repository.swift in Sources */,
				E893EC8A1EA0C61500BDC907 /* Logger.swift in Sources */,
				E8D54AF81E9976D500F08AEE /* Response.swift in Sources */,
				E8D54AF01E9976D500F08AEE /* Interceptor.swift in Sources */,
				E8D54B031E9976D500F08AEE /* Transformer.swift in Sources */,
				A024A0381EB332410098ECC9 /* FormError.swift in Sources */,
				E8D54B011E9976D500F08AEE /* EndpointToURLRequestTransformer.swift in Sources */,
				E8D54AEF1E9976D500F08AEE /* AnyInterceptor.swift in Sources */,
				A0E6A32D1EB2804B00F3E68D /* EditUserView.swift in Sources */,
				E8D54AF41E9976D500F08AEE /* NetworkAdapter.swift in Sources */,
				E857C7A31E9E868500AB0741 /* NoRequestParameterAppError.swift in Sources */,
				A0E6A32F1EB2804B00F3E68D /* ShowUserInteractor.swift in Sources */,
				A0E6A3301EB2804B00F3E68D /* ShowUserPresenter.swift in Sources */,
				E893EC8C1EA0C61F00BDC907 /* LoggerLevel.swift in Sources */,
				E81E82E41E9FD37D009CDA26 /* InvalidFormAppError.swift in Sources */,
				E8D54AE91E9976D500F08AEE /* HTTPBinEndpoint.swift in Sources */,
				A0E6A32A1EB2804B00F3E68D /* EditUserPresenter.swift in Sources */,
				E8D54AEB1E9976D500F08AEE /* AppHTTPClientType.swift in Sources */,
				A024A03F1EB346AB0098ECC9 /* AnyRouter.swift in Sources */,
				E8D54B061E9976D500F08AEE /* UIViewController+Rx.swift in Sources */,
				E8D54AE41E9976D500F08AEE /* SerializationAppError.swift in Sources */,
				E8D54AF71E9976D500F08AEE /* HTTPStatusCode.swift in Sources */,
				E8D54B051E9976D500F08AEE /* Translator.swift in Sources */,
				E81E82D71E9F7B27009CDA26 /* DefaultAppError.swift in Sources */,
				E8D54AFD1E9976D500F08AEE /* User.swift in Sources */,
				E8D54AF31E9976D500F08AEE /* UIApplicationNetworkActivity.swift in Sources */,
				E81E82E21E9FA9B7009CDA26 /* UITextfield+Rx.swift in Sources */,
				E8D54AE01E9976D500F08AEE /* ExpectsContentAppError.swift in Sources */,
				A024A03D1EB346840098ECC9 /* Router.swift in Sources */,
				E8D54AEA1E9976D500F08AEE /* Endpoint.swift in Sources */,
				E81E82E61E9FD905009CDA26 /* EditUserParameter.swift in Sources */,
				A0E6A3331EB2804B00F3E68D /* ShowUserViewController.swift in Sources */,
				E8D54AE71E9976D500F08AEE /* ShowUserContainer.swift in Sources */,
				E8D54AF11E9976D500F08AEE /* InterceptorChain.swift in Sources */,
				E8D54B041E9976D500F08AEE /* NSLocalizedTranslator.swift in Sources */,
				A0E6A33B1EB2950200F3E68D /* EditUserCommand.swift in Sources */,
				A024A03A1EB332650098ECC9 /* FormErrorCollection.swift in Sources */,
				E8D54AE51E9976D500F08AEE /* AppHTTPErrorHandler.swift in Sources */,
				E893EC901EA0C65900BDC907 /* LoggerInterceptor.swift in Sources */,
				E8D54AFE1E9976D500F08AEE /* UserRepository.swift in Sources */,
				E8D54AE31E9976D500F08AEE /* ParameterTypeAppError.swift in Sources */,
				A0E6A32C1EB2804B00F3E68D /* EditUserViewController.swift in Sources */,
				A0E6A3341EB2804B00F3E68D /* ShowUserViewModel.swift in Sources */,
				E8D54AFC1E9976D500F08AEE /* GetUserParameter.swift in Sources */,
				E8D54AE21E9976D500F08AEE /* NetworkAppError.swift in Sources */,
				E8D54AF91E9976D500F08AEE /* AnyRepository.swift in Sources */,
				E8D54B071E9976D500F08AEE /* ViewState.swift in Sources */,
				E8D54AED1E9976D500F08AEE /* HTTPErrorHandler.swift in Sources */,
				A0E6A32B1EB2804B00F3E68D /* EditRouter.swift in Sources */,
				E893EC8E1EA0C64300BDC907 /* AppLogger.swift in Sources */,
				E8D54AEE1E9976D500F08AEE /* HTTPMethod.swift in Sources */,
				E8D54AF51E9976D500F08AEE /* URLSessionNetworkAdapter.swift in Sources */,
				E8D54AF61E9976D500F08AEE /* AppResponse.swift in Sources */,
				E8D54AFB1E9976D500F08AEE /* RepositoryParameter.swift in Sources */,
				E8D54ADE1E9976D500F08AEE /* AppError.swift in Sources */,
				A0E6A3311EB2804B00F3E68D /* ShowUserRouter.swift in Sources */,
				A0E6A3291EB2804B00F3E68D /* EditUserInteractor.swift in Sources */,
				E8D54AEC1E9976D500F08AEE /* HTTPClientType.swift in Sources */,
				E8D54B001E9976D500F08AEE /* AnyTransformer.swift in Sources */,
				E8D54B021E9976D500F08AEE /* Transformer+Rx.swift in Sources */,
			);
			runOnlyForDeploymentPostprocessing = 0;
		};
		E8EFD1601E968E3B0079C1DB /* Sources */ = {
			isa = PBXSourcesBuildPhase;
			buildActionMask = 2147483647;
			files = (
				E8EFD1691E968E3B0079C1DB /* VIPExampleTests.swift in Sources */,
			);
			runOnlyForDeploymentPostprocessing = 0;
		};
/* End PBXSourcesBuildPhase section */

/* Begin PBXTargetDependency section */
		E8EFD1661E968E3B0079C1DB /* PBXTargetDependency */ = {
			isa = PBXTargetDependency;
			target = E8EFD14F1E968E3A0079C1DB /* VIPExample */;
			targetProxy = E8EFD1651E968E3B0079C1DB /* PBXContainerItemProxy */;
		};
/* End PBXTargetDependency section */

/* Begin PBXVariantGroup section */
		E8EFD15C1E968E3A0079C1DB /* LaunchScreen.storyboard */ = {
			isa = PBXVariantGroup;
			children = (
				E8EFD15D1E968E3A0079C1DB /* Base */,
			);
			name = LaunchScreen.storyboard;
			sourceTree = "<group>";
		};
/* End PBXVariantGroup section */

/* Begin XCBuildConfiguration section */
		E8EFD16B1E968E3B0079C1DB /* Debug */ = {
			isa = XCBuildConfiguration;
			buildSettings = {
				ALWAYS_SEARCH_USER_PATHS = NO;
				CLANG_ANALYZER_NONNULL = YES;
				CLANG_ANALYZER_NUMBER_OBJECT_CONVERSION = YES_AGGRESSIVE;
				CLANG_CXX_LANGUAGE_STANDARD = "gnu++0x";
				CLANG_CXX_LIBRARY = "libc++";
				CLANG_ENABLE_MODULES = YES;
				CLANG_ENABLE_OBJC_ARC = YES;
				CLANG_WARN_BOOL_CONVERSION = YES;
				CLANG_WARN_CONSTANT_CONVERSION = YES;
				CLANG_WARN_DIRECT_OBJC_ISA_USAGE = YES_ERROR;
				CLANG_WARN_DOCUMENTATION_COMMENTS = YES;
				CLANG_WARN_EMPTY_BODY = YES;
				CLANG_WARN_ENUM_CONVERSION = YES;
				CLANG_WARN_INFINITE_RECURSION = YES;
				CLANG_WARN_INT_CONVERSION = YES;
				CLANG_WARN_OBJC_ROOT_CLASS = YES_ERROR;
				CLANG_WARN_SUSPICIOUS_MOVE = YES;
				CLANG_WARN_UNREACHABLE_CODE = YES;
				CLANG_WARN__DUPLICATE_METHOD_MATCH = YES;
				"CODE_SIGN_IDENTITY[sdk=iphoneos*]" = "iPhone Developer";
				COPY_PHASE_STRIP = NO;
				DEBUG_INFORMATION_FORMAT = dwarf;
				ENABLE_STRICT_OBJC_MSGSEND = YES;
				ENABLE_TESTABILITY = YES;
				GCC_C_LANGUAGE_STANDARD = gnu99;
				GCC_DYNAMIC_NO_PIC = NO;
				GCC_NO_COMMON_BLOCKS = YES;
				GCC_OPTIMIZATION_LEVEL = 0;
				GCC_PREPROCESSOR_DEFINITIONS = (
					"DEBUG=1",
					"$(inherited)",
				);
				GCC_WARN_64_TO_32_BIT_CONVERSION = YES;
				GCC_WARN_ABOUT_RETURN_TYPE = YES_ERROR;
				GCC_WARN_UNDECLARED_SELECTOR = YES;
				GCC_WARN_UNINITIALIZED_AUTOS = YES_AGGRESSIVE;
				GCC_WARN_UNUSED_FUNCTION = YES;
				GCC_WARN_UNUSED_VARIABLE = YES;
				IPHONEOS_DEPLOYMENT_TARGET = 9.0;
				MTL_ENABLE_DEBUG_INFO = YES;
				ONLY_ACTIVE_ARCH = YES;
				SDKROOT = iphoneos;
				SWIFT_ACTIVE_COMPILATION_CONDITIONS = DEBUG;
				SWIFT_OPTIMIZATION_LEVEL = "-Onone";
			};
			name = Debug;
		};
		E8EFD16C1E968E3B0079C1DB /* Release */ = {
			isa = XCBuildConfiguration;
			buildSettings = {
				ALWAYS_SEARCH_USER_PATHS = NO;
				CLANG_ANALYZER_NONNULL = YES;
				CLANG_ANALYZER_NUMBER_OBJECT_CONVERSION = YES_AGGRESSIVE;
				CLANG_CXX_LANGUAGE_STANDARD = "gnu++0x";
				CLANG_CXX_LIBRARY = "libc++";
				CLANG_ENABLE_MODULES = YES;
				CLANG_ENABLE_OBJC_ARC = YES;
				CLANG_WARN_BOOL_CONVERSION = YES;
				CLANG_WARN_CONSTANT_CONVERSION = YES;
				CLANG_WARN_DIRECT_OBJC_ISA_USAGE = YES_ERROR;
				CLANG_WARN_DOCUMENTATION_COMMENTS = YES;
				CLANG_WARN_EMPTY_BODY = YES;
				CLANG_WARN_ENUM_CONVERSION = YES;
				CLANG_WARN_INFINITE_RECURSION = YES;
				CLANG_WARN_INT_CONVERSION = YES;
				CLANG_WARN_OBJC_ROOT_CLASS = YES_ERROR;
				CLANG_WARN_SUSPICIOUS_MOVE = YES;
				CLANG_WARN_UNREACHABLE_CODE = YES;
				CLANG_WARN__DUPLICATE_METHOD_MATCH = YES;
				"CODE_SIGN_IDENTITY[sdk=iphoneos*]" = "iPhone Developer";
				COPY_PHASE_STRIP = NO;
				DEBUG_INFORMATION_FORMAT = "dwarf-with-dsym";
				ENABLE_NS_ASSERTIONS = NO;
				ENABLE_STRICT_OBJC_MSGSEND = YES;
				GCC_C_LANGUAGE_STANDARD = gnu99;
				GCC_NO_COMMON_BLOCKS = YES;
				GCC_WARN_64_TO_32_BIT_CONVERSION = YES;
				GCC_WARN_ABOUT_RETURN_TYPE = YES_ERROR;
				GCC_WARN_UNDECLARED_SELECTOR = YES;
				GCC_WARN_UNINITIALIZED_AUTOS = YES_AGGRESSIVE;
				GCC_WARN_UNUSED_FUNCTION = YES;
				GCC_WARN_UNUSED_VARIABLE = YES;
				IPHONEOS_DEPLOYMENT_TARGET = 9.0;
				MTL_ENABLE_DEBUG_INFO = NO;
				SDKROOT = iphoneos;
				SWIFT_OPTIMIZATION_LEVEL = "-Owholemodule";
				VALIDATE_PRODUCT = YES;
			};
			name = Release;
		};
		E8EFD16E1E968E3B0079C1DB /* Debug */ = {
			isa = XCBuildConfiguration;
			baseConfigurationReference = 46BAC43A78580B270ED0F107 /* Pods-VIPExample.debug.xcconfig */;
			buildSettings = {
				ASSETCATALOG_COMPILER_APPICON_NAME = AppIcon;
				INFOPLIST_FILE = VIPExample/Info.plist;
				IPHONEOS_DEPLOYMENT_TARGET = 9.0;
				LD_RUNPATH_SEARCH_PATHS = "$(inherited) @executable_path/Frameworks";
				PRODUCT_BUNDLE_IDENTIFIER = jp.VIPExample;
				PRODUCT_NAME = "$(TARGET_NAME)";
				SWIFT_VERSION = 3.0;
			};
			name = Debug;
		};
		E8EFD16F1E968E3B0079C1DB /* Release */ = {
			isa = XCBuildConfiguration;
			baseConfigurationReference = 20CB1EE3B0D4C10A59CBF23B /* Pods-VIPExample.release.xcconfig */;
			buildSettings = {
				ASSETCATALOG_COMPILER_APPICON_NAME = AppIcon;
				INFOPLIST_FILE = VIPExample/Info.plist;
				IPHONEOS_DEPLOYMENT_TARGET = 9.0;
				LD_RUNPATH_SEARCH_PATHS = "$(inherited) @executable_path/Frameworks";
				PRODUCT_BUNDLE_IDENTIFIER = jp.VIPExample;
				PRODUCT_NAME = "$(TARGET_NAME)";
				SWIFT_VERSION = 3.0;
			};
			name = Release;
		};
		E8EFD1711E968E3B0079C1DB /* Debug */ = {
			isa = XCBuildConfiguration;
			baseConfigurationReference = 8E52CB8189AABA0DB9F7CC8E /* Pods-VIPExampleTests.debug.xcconfig */;
			buildSettings = {
				ALWAYS_EMBED_SWIFT_STANDARD_LIBRARIES = YES;
				BUNDLE_LOADER = "$(TEST_HOST)";
				INFOPLIST_FILE = VIPExampleTests/Info.plist;
				LD_RUNPATH_SEARCH_PATHS = "$(inherited) @executable_path/Frameworks @loader_path/Frameworks";
				PRODUCT_BUNDLE_IDENTIFIER = jp.VIPExampleTests;
				PRODUCT_NAME = "$(TARGET_NAME)";
				SWIFT_VERSION = 3.0;
				TEST_HOST = "$(BUILT_PRODUCTS_DIR)/VIPExample.app/VIPExample";
			};
			name = Debug;
		};
		E8EFD1721E968E3B0079C1DB /* Release */ = {
			isa = XCBuildConfiguration;
			baseConfigurationReference = 87AF8BF04833E6F3C05D50B5 /* Pods-VIPExampleTests.release.xcconfig */;
			buildSettings = {
				ALWAYS_EMBED_SWIFT_STANDARD_LIBRARIES = YES;
				BUNDLE_LOADER = "$(TEST_HOST)";
				INFOPLIST_FILE = VIPExampleTests/Info.plist;
				LD_RUNPATH_SEARCH_PATHS = "$(inherited) @executable_path/Frameworks @loader_path/Frameworks";
				PRODUCT_BUNDLE_IDENTIFIER = jp.VIPExampleTests;
				PRODUCT_NAME = "$(TARGET_NAME)";
				SWIFT_VERSION = 3.0;
				TEST_HOST = "$(BUILT_PRODUCTS_DIR)/VIPExample.app/VIPExample";
			};
			name = Release;
		};
/* End XCBuildConfiguration section */

/* Begin XCConfigurationList section */
		E8EFD14B1E968E3A0079C1DB /* Build configuration list for PBXProject "VIPExample" */ = {
			isa = XCConfigurationList;
			buildConfigurations = (
				E8EFD16B1E968E3B0079C1DB /* Debug */,
				E8EFD16C1E968E3B0079C1DB /* Release */,
			);
			defaultConfigurationIsVisible = 0;
			defaultConfigurationName = Release;
		};
		E8EFD16D1E968E3B0079C1DB /* Build configuration list for PBXNativeTarget "VIPExample" */ = {
			isa = XCConfigurationList;
			buildConfigurations = (
				E8EFD16E1E968E3B0079C1DB /* Debug */,
				E8EFD16F1E968E3B0079C1DB /* Release */,
			);
			defaultConfigurationIsVisible = 0;
			defaultConfigurationName = Release;
		};
		E8EFD1701E968E3B0079C1DB /* Build configuration list for PBXNativeTarget "VIPExampleTests" */ = {
			isa = XCConfigurationList;
			buildConfigurations = (
				E8EFD1711E968E3B0079C1DB /* Debug */,
				E8EFD1721E968E3B0079C1DB /* Release */,
			);
			defaultConfigurationIsVisible = 0;
			defaultConfigurationName = Release;
		};
/* End XCConfigurationList section */
	};
	rootObject = E8EFD1481E968E3A0079C1DB /* Project object */;
}
